// !$*UTF8*$!
{
	archiveVersion = 1;
	classes = {
	};
	objectVersion = 50;
	objects = {

/* Begin PBXBuildFile section */
		23955D5820CC446800B424E5 /* AppDelegate.swift in Sources */ = {isa = PBXBuildFile; fileRef = 23955D5720CC446800B424E5 /* AppDelegate.swift */; };
		23955D5A20CC446800B424E5 /* ViewController.swift in Sources */ = {isa = PBXBuildFile; fileRef = 23955D5920CC446800B424E5 /* ViewController.swift */; };
		23955D6020CC446800B424E5 /* GreenHacksProject.xcdatamodeld in Sources */ = {isa = PBXBuildFile; fileRef = 23955D5E20CC446800B424E5 /* GreenHacksProject.xcdatamodeld */; };
		23955D6220CC446A00B424E5 /* Assets.xcassets in Resources */ = {isa = PBXBuildFile; fileRef = 23955D6120CC446A00B424E5 /* Assets.xcassets */; };
		23955D6520CC446A00B424E5 /* LaunchScreen.storyboard in Resources */ = {isa = PBXBuildFile; fileRef = 23955D6320CC446A00B424E5 /* LaunchScreen.storyboard */; };
		239AE98020CD807B00DB4BA9 /* RouteViewController.swift in Sources */ = {isa = PBXBuildFile; fileRef = 239AE97F20CD807B00DB4BA9 /* RouteViewController.swift */; };
		239AE98520CD869300DB4BA9 /* Controller.swift in Sources */ = {isa = PBXBuildFile; fileRef = 239AE98420CD869300DB4BA9 /* Controller.swift */; };
		239AE98720CD8E0600DB4BA9 /* MapVC.swift in Sources */ = {isa = PBXBuildFile; fileRef = 239AE98620CD8E0600DB4BA9 /* MapVC.swift */; };
		239AE98920CD8E1300DB4BA9 /* UserVC.swift in Sources */ = {isa = PBXBuildFile; fileRef = 239AE98820CD8E1300DB4BA9 /* UserVC.swift */; };
		239AE98B20CD8E2200DB4BA9 /* SettingsVC.swift in Sources */ = {isa = PBXBuildFile; fileRef = 239AE98A20CD8E2200DB4BA9 /* SettingsVC.swift */; };
		239AE98E20CD917700DB4BA9 /* Main.storyboard in Resources */ = {isa = PBXBuildFile; fileRef = 239AE98C20CD917700DB4BA9 /* Main.storyboard */; };
		239AE99020CDA34000DB4BA9 /* appSettings.swift in Sources */ = {isa = PBXBuildFile; fileRef = 239AE98F20CDA34000DB4BA9 /* appSettings.swift */; };
		EF9385AE5CF5FD2DF6A91332 /* Pods_GreenHacksProject.framework in Frameworks */ = {isa = PBXBuildFile; fileRef = DB1BBC2DC5C4DD786BE9B451 /* Pods_GreenHacksProject.framework */; };
/* End PBXBuildFile section */

/* Begin PBXFileReference section */
		23955D5420CC446800B424E5 /* GreenHacksProject.app */ = {isa = PBXFileReference; explicitFileType = wrapper.application; includeInIndex = 0; path = GreenHacksProject.app; sourceTree = BUILT_PRODUCTS_DIR; };
		23955D5720CC446800B424E5 /* AppDelegate.swift */ = {isa = PBXFileReference; lastKnownFileType = sourcecode.swift; path = AppDelegate.swift; sourceTree = "<group>"; };
		23955D5920CC446800B424E5 /* ViewController.swift */ = {isa = PBXFileReference; lastKnownFileType = sourcecode.swift; path = ViewController.swift; sourceTree = "<group>"; };
		23955D5F20CC446800B424E5 /* GreenHacksProject.xcdatamodel */ = {isa = PBXFileReference; lastKnownFileType = wrapper.xcdatamodel; path = GreenHacksProject.xcdatamodel; sourceTree = "<group>"; };
		23955D6120CC446A00B424E5 /* Assets.xcassets */ = {isa = PBXFileReference; lastKnownFileType = folder.assetcatalog; path = Assets.xcassets; sourceTree = "<group>"; };
		23955D6420CC446A00B424E5 /* Base */ = {isa = PBXFileReference; lastKnownFileType = file.storyboard; name = Base; path = Base.lproj/LaunchScreen.storyboard; sourceTree = "<group>"; };
		23955D6620CC446A00B424E5 /* Info.plist */ = {isa = PBXFileReference; lastKnownFileType = text.plist.xml; path = Info.plist; sourceTree = "<group>"; };
		239AE97F20CD807B00DB4BA9 /* RouteViewController.swift */ = {isa = PBXFileReference; fileEncoding = 4; lastKnownFileType = sourcecode.swift; path = RouteViewController.swift; sourceTree = "<group>"; };
		239AE98420CD869300DB4BA9 /* Controller.swift */ = {isa = PBXFileReference; lastKnownFileType = sourcecode.swift; path = Controller.swift; sourceTree = "<group>"; };
		239AE98620CD8E0600DB4BA9 /* MapVC.swift */ = {isa = PBXFileReference; lastKnownFileType = sourcecode.swift; path = MapVC.swift; sourceTree = "<group>"; };
		239AE98820CD8E1300DB4BA9 /* UserVC.swift */ = {isa = PBXFileReference; lastKnownFileType = sourcecode.swift; path = UserVC.swift; sourceTree = "<group>"; };
		239AE98A20CD8E2200DB4BA9 /* SettingsVC.swift */ = {isa = PBXFileReference; lastKnownFileType = sourcecode.swift; path = SettingsVC.swift; sourceTree = "<group>"; };
		239AE98D20CD917700DB4BA9 /* Base */ = {isa = PBXFileReference; lastKnownFileType = file.storyboard; name = Base; path = Base.lproj/Main.storyboard; sourceTree = "<group>"; };
		239AE98F20CDA34000DB4BA9 /* appSettings.swift */ = {isa = PBXFileReference; lastKnownFileType = sourcecode.swift; path = appSettings.swift; sourceTree = "<group>"; };
		643803B52DDE3A8B69391DC1 /* Pods-GreenHacksProject.release.xcconfig */ = {isa = PBXFileReference; includeInIndex = 1; lastKnownFileType = text.xcconfig; name = "Pods-GreenHacksProject.release.xcconfig"; path = "Pods/Target Support Files/Pods-GreenHacksProject/Pods-GreenHacksProject.release.xcconfig"; sourceTree = "<group>"; };
		C2B408C2D17D1A32A6C936DA /* Pods-GreenHacksProject.debug.xcconfig */ = {isa = PBXFileReference; includeInIndex = 1; lastKnownFileType = text.xcconfig; name = "Pods-GreenHacksProject.debug.xcconfig"; path = "Pods/Target Support Files/Pods-GreenHacksProject/Pods-GreenHacksProject.debug.xcconfig"; sourceTree = "<group>"; };
		DB1BBC2DC5C4DD786BE9B451 /* Pods_GreenHacksProject.framework */ = {isa = PBXFileReference; explicitFileType = wrapper.framework; includeInIndex = 0; path = Pods_GreenHacksProject.framework; sourceTree = BUILT_PRODUCTS_DIR; };
/* End PBXFileReference section */

/* Begin PBXFrameworksBuildPhase section */
		23955D5120CC446800B424E5 /* Frameworks */ = {
			isa = PBXFrameworksBuildPhase;
			buildActionMask = 2147483647;
			files = (
				EF9385AE5CF5FD2DF6A91332 /* Pods_GreenHacksProject.framework in Frameworks */,
			);
			runOnlyForDeploymentPostprocessing = 0;
		};
/* End PBXFrameworksBuildPhase section */

/* Begin PBXGroup section */
		19CB41745A9902C431D668A2 /* Frameworks */ = {
			isa = PBXGroup;
			children = (
				DB1BBC2DC5C4DD786BE9B451 /* Pods_GreenHacksProject.framework */,
			);
			name = Frameworks;
			sourceTree = "<group>";
		};
		23955D4B20CC446800B424E5 = {
			isa = PBXGroup;
			children = (
				23955D5620CC446800B424E5 /* GreenHacksProject */,
				23955D5520CC446800B424E5 /* Products */,
				5E2CD2E9D35F131D44F647D3 /* Pods */,
				19CB41745A9902C431D668A2 /* Frameworks */,
			);
			sourceTree = "<group>";
		};
		23955D5520CC446800B424E5 /* Products */ = {
			isa = PBXGroup;
			children = (
				23955D5420CC446800B424E5 /* GreenHacksProject.app */,
			);
			name = Products;
			sourceTree = "<group>";
		};
		23955D5620CC446800B424E5 /* GreenHacksProject */ = {
			isa = PBXGroup;
			children = (
				23955D5720CC446800B424E5 /* AppDelegate.swift */,
				23955D6120CC446A00B424E5 /* Assets.xcassets */,
				23955D6620CC446A00B424E5 /* Info.plist */,
				239AE98220CD863300DB4BA9 /* View */,
				239AE98320CD863800DB4BA9 /* Controller */,
				239AE98120CD862D00DB4BA9 /* Model */,
			);
			path = GreenHacksProject;
			sourceTree = "<group>";
		};
		239AE98120CD862D00DB4BA9 /* Model */ = {
			isa = PBXGroup;
			children = (
				23955D5E20CC446800B424E5 /* GreenHacksProject.xcdatamodeld */,
			);
			path = Model;
			sourceTree = "<group>";
		};
		239AE98220CD863300DB4BA9 /* View */ = {
			isa = PBXGroup;
			children = (
				23955D6320CC446A00B424E5 /* LaunchScreen.storyboard */,
				239AE98C20CD917700DB4BA9 /* Main.storyboard */,
				23955D5920CC446800B424E5 /* ViewController.swift */,
				239AE97F20CD807B00DB4BA9 /* RouteViewController.swift */,
				239AE98A20CD8E2200DB4BA9 /* SettingsVC.swift */,
				239AE98620CD8E0600DB4BA9 /* MapVC.swift */,
				239AE98820CD8E1300DB4BA9 /* UserVC.swift */,
			);
			path = View;
			sourceTree = "<group>";
		};
		239AE98320CD863800DB4BA9 /* Controller */ = {
			isa = PBXGroup;
			children = (
				239AE98420CD869300DB4BA9 /* Controller.swift */,
				239AE98F20CDA34000DB4BA9 /* appSettings.swift */,
			);
			path = Controller;
			sourceTree = "<group>";
		};
		5E2CD2E9D35F131D44F647D3 /* Pods */ = {
			isa = PBXGroup;
			children = (
				C2B408C2D17D1A32A6C936DA /* Pods-GreenHacksProject.debug.xcconfig */,
				643803B52DDE3A8B69391DC1 /* Pods-GreenHacksProject.release.xcconfig */,
			);
			name = Pods;
			sourceTree = "<group>";
		};
/* End PBXGroup section */

/* Begin PBXNativeTarget section */
		23955D5320CC446800B424E5 /* GreenHacksProject */ = {
			isa = PBXNativeTarget;
			buildConfigurationList = 23955D6920CC446A00B424E5 /* Build configuration list for PBXNativeTarget "GreenHacksProject" */;
			buildPhases = (
				5D92C24B1B35C078B4CB78B3 /* [CP] Check Pods Manifest.lock */,
				23955D5020CC446800B424E5 /* Sources */,
				23955D5120CC446800B424E5 /* Frameworks */,
				23955D5220CC446800B424E5 /* Resources */,
				9A6B220196CDD9373B91469C /* [CP] Embed Pods Frameworks */,
			);
			buildRules = (
			);
			dependencies = (
			);
			name = GreenHacksProject;
			productName = GreenHacksProject;
			productReference = 23955D5420CC446800B424E5 /* GreenHacksProject.app */;
			productType = "com.apple.product-type.application";
		};
/* End PBXNativeTarget section */

/* Begin PBXProject section */
		23955D4C20CC446800B424E5 /* Project object */ = {
			isa = PBXProject;
			attributes = {
				LastSwiftUpdateCheck = 0940;
				LastUpgradeCheck = 0940;
				ORGANIZATIONNAME = "Jonathan Yee";
				TargetAttributes = {
					23955D5320CC446800B424E5 = {
						CreatedOnToolsVersion = 9.4;
					};
				};
			};
			buildConfigurationList = 23955D4F20CC446800B424E5 /* Build configuration list for PBXProject "GreenHacksProject" */;
			compatibilityVersion = "Xcode 9.3";
			developmentRegion = en;
			hasScannedForEncodings = 0;
			knownRegions = (
				en,
				Base,
			);
			mainGroup = 23955D4B20CC446800B424E5;
			productRefGroup = 23955D5520CC446800B424E5 /* Products */;
			projectDirPath = "";
			projectRoot = "";
			targets = (
				23955D5320CC446800B424E5 /* GreenHacksProject */,
			);
		};
/* End PBXProject section */

/* Begin PBXResourcesBuildPhase section */
		23955D5220CC446800B424E5 /* Resources */ = {
			isa = PBXResourcesBuildPhase;
			buildActionMask = 2147483647;
			files = (
				23955D6520CC446A00B424E5 /* LaunchScreen.storyboard in Resources */,
				23955D6220CC446A00B424E5 /* Assets.xcassets in Resources */,
				239AE98E20CD917700DB4BA9 /* Main.storyboard in Resources */,
			);
			runOnlyForDeploymentPostprocessing = 0;
		};
/* End PBXResourcesBuildPhase section */

/* Begin PBXShellScriptBuildPhase section */
		5D92C24B1B35C078B4CB78B3 /* [CP] Check Pods Manifest.lock */ = {
			isa = PBXShellScriptBuildPhase;
			buildActionMask = 2147483647;
			files = (
			);
			inputPaths = (
				"${PODS_PODFILE_DIR_PATH}/Podfile.lock",
				"${PODS_ROOT}/Manifest.lock",
			);
			name = "[CP] Check Pods Manifest.lock";
			outputPaths = (
				"$(DERIVED_FILE_DIR)/Pods-GreenHacksProject-checkManifestLockResult.txt",
			);
			runOnlyForDeploymentPostprocessing = 0;
			shellPath = /bin/sh;
			shellScript = "diff \"${PODS_PODFILE_DIR_PATH}/Podfile.lock\" \"${PODS_ROOT}/Manifest.lock\" > /dev/null\nif [ $? != 0 ] ; then\n    # print error to STDERR\n    echo \"error: The sandbox is not in sync with the Podfile.lock. Run 'pod install' or update your CocoaPods installation.\" >&2\n    exit 1\nfi\n# This output is used by Xcode 'outputs' to avoid re-running this script phase.\necho \"SUCCESS\" > \"${SCRIPT_OUTPUT_FILE_0}\"\n";
			showEnvVarsInLog = 0;
		};
		9A6B220196CDD9373B91469C /* [CP] Embed Pods Frameworks */ = {
			isa = PBXShellScriptBuildPhase;
			buildActionMask = 2147483647;
			files = (
			);
			inputPaths = (
				"${SRCROOT}/Pods/Target Support Files/Pods-GreenHacksProject/Pods-GreenHacksProject-frameworks.sh",
				"${BUILT_PRODUCTS_DIR}/GTMSessionFetcher/GTMSessionFetcher.framework",
				"${BUILT_PRODUCTS_DIR}/GoogleToolboxForMac/GoogleToolboxForMac.framework",
				"${BUILT_PRODUCTS_DIR}/leveldb-library/leveldb.framework",
				"${BUILT_PRODUCTS_DIR}/nanopb/nanopb.framework",
			);
			name = "[CP] Embed Pods Frameworks";
			outputPaths = (
				"${TARGET_BUILD_DIR}/${FRAMEWORKS_FOLDER_PATH}/GTMSessionFetcher.framework",
				"${TARGET_BUILD_DIR}/${FRAMEWORKS_FOLDER_PATH}/GoogleToolboxForMac.framework",
				"${TARGET_BUILD_DIR}/${FRAMEWORKS_FOLDER_PATH}/leveldb.framework",
				"${TARGET_BUILD_DIR}/${FRAMEWORKS_FOLDER_PATH}/nanopb.framework",
			);
			runOnlyForDeploymentPostprocessing = 0;
			shellPath = /bin/sh;
			shellScript = "\"${SRCROOT}/Pods/Target Support Files/Pods-GreenHacksProject/Pods-GreenHacksProject-frameworks.sh\"\n";
			showEnvVarsInLog = 0;
		};
/* End PBXShellScriptBuildPhase section */

/* Begin PBXSourcesBuildPhase section */
		23955D5020CC446800B424E5 /* Sources */ = {
			isa = PBXSourcesBuildPhase;
			buildActionMask = 2147483647;
			files = (
				239AE98920CD8E1300DB4BA9 /* UserVC.swift in Sources */,
				239AE98520CD869300DB4BA9 /* Controller.swift in Sources */,
				239AE98720CD8E0600DB4BA9 /* MapVC.swift in Sources */,
				23955D5A20CC446800B424E5 /* ViewController.swift in Sources */,
				23955D6020CC446800B424E5 /* GreenHacksProject.xcdatamodeld in Sources */,
				239AE98B20CD8E2200DB4BA9 /* SettingsVC.swift in Sources */,
				239AE99020CDA34000DB4BA9 /* appSettings.swift in Sources */,
				239AE98020CD807B00DB4BA9 /* RouteViewController.swift in Sources */,
				23955D5820CC446800B424E5 /* AppDelegate.swift in Sources */,
			);
			runOnlyForDeploymentPostprocessing = 0;
		};
/* End PBXSourcesBuildPhase section */

/* Begin PBXVariantGroup section */
		23955D6320CC446A00B424E5 /* LaunchScreen.storyboard */ = {
			isa = PBXVariantGroup;
			children = (
				23955D6420CC446A00B424E5 /* Base */,
			);
			name = LaunchScreen.storyboard;
			sourceTree = "<group>";
		};
		239AE98C20CD917700DB4BA9 /* Main.storyboard */ = {
			isa = PBXVariantGroup;
			children = (
				239AE98D20CD917700DB4BA9 /* Base */,
			);
			name = Main.storyboard;
			sourceTree = "<group>";
		};
/* End PBXVariantGroup section */

/* Begin XCBuildConfiguration section */
		23955D6720CC446A00B424E5 /* Debug */ = {
			isa = XCBuildConfiguration;
			buildSettings = {
				ALWAYS_SEARCH_USER_PATHS = NO;
				CLANG_ANALYZER_NONNULL = YES;
				CLANG_ANALYZER_NUMBER_OBJECT_CONVERSION = YES_AGGRESSIVE;
				CLANG_CXX_LANGUAGE_STANDARD = "gnu++14";
				CLANG_CXX_LIBRARY = "libc++";
				CLANG_ENABLE_MODULES = YES;
				CLANG_ENABLE_OBJC_ARC = YES;
				CLANG_ENABLE_OBJC_WEAK = YES;
				CLANG_WARN_BLOCK_CAPTURE_AUTORELEASING = YES;
				CLANG_WARN_BOOL_CONVERSION = YES;
				CLANG_WARN_COMMA = YES;
				CLANG_WARN_CONSTANT_CONVERSION = YES;
				CLANG_WARN_DEPRECATED_OBJC_IMPLEMENTATIONS = YES;
				CLANG_WARN_DIRECT_OBJC_ISA_USAGE = YES_ERROR;
				CLANG_WARN_DOCUMENTATION_COMMENTS = YES;
				CLANG_WARN_EMPTY_BODY = YES;
				CLANG_WARN_ENUM_CONVERSION = YES;
				CLANG_WARN_INFINITE_RECURSION = YES;
				CLANG_WARN_INT_CONVERSION = YES;
				CLANG_WARN_NON_LITERAL_NULL_CONVERSION = YES;
				CLANG_WARN_OBJC_IMPLICIT_RETAIN_SELF = YES;
				CLANG_WARN_OBJC_LITERAL_CONVERSION = YES;
				CLANG_WARN_OBJC_ROOT_CLASS = YES_ERROR;
				CLANG_WARN_RANGE_LOOP_ANALYSIS = YES;
				CLANG_WARN_STRICT_PROTOTYPES = YES;
				CLANG_WARN_SUSPICIOUS_MOVE = YES;
				CLANG_WARN_UNGUARDED_AVAILABILITY = YES_AGGRESSIVE;
				CLANG_WARN_UNREACHABLE_CODE = YES;
				CLANG_WARN__DUPLICATE_METHOD_MATCH = YES;
				CODE_SIGN_IDENTITY = "iPhone Developer";
				COPY_PHASE_STRIP = NO;
				DEBUG_INFORMATION_FORMAT = dwarf;
				ENABLE_STRICT_OBJC_MSGSEND = YES;
				ENABLE_TESTABILITY = YES;
				GCC_C_LANGUAGE_STANDARD = gnu11;
				GCC_DYNAMIC_NO_PIC = NO;
				GCC_NO_COMMON_BLOCKS = YES;
				GCC_OPTIMIZATION_LEVEL = 0;
				GCC_PREPROCESSOR_DEFINITIONS = (
					"DEBUG=1",
					"$(inherited)",
				);
				GCC_WARN_64_TO_32_BIT_CONVERSION = YES;
				GCC_WARN_ABOUT_RETURN_TYPE = YES_ERROR;
				GCC_WARN_UNDECLARED_SELECTOR = YES;
				GCC_WARN_UNINITIALIZED_AUTOS = YES_AGGRESSIVE;
				GCC_WARN_UNUSED_FUNCTION = YES;
				GCC_WARN_UNUSED_VARIABLE = YES;
				IPHONEOS_DEPLOYMENT_TARGET = 11.4;
				MTL_ENABLE_DEBUG_INFO = YES;
				ONLY_ACTIVE_ARCH = YES;
				SDKROOT = iphoneos;
				SWIFT_ACTIVE_COMPILATION_CONDITIONS = DEBUG;
				SWIFT_OPTIMIZATION_LEVEL = "-Onone";
			};
			name = Debug;
		};
		23955D6820CC446A00B424E5 /* Release */ = {
			isa = XCBuildConfiguration;
			buildSettings = {
				ALWAYS_SEARCH_USER_PATHS = NO;
				CLANG_ANALYZER_NONNULL = YES;
				CLANG_ANALYZER_NUMBER_OBJECT_CONVERSION = YES_AGGRESSIVE;
				CLANG_CXX_LANGUAGE_STANDARD = "gnu++14";
				CLANG_CXX_LIBRARY = "libc++";
				CLANG_ENABLE_MODULES = YES;
				CLANG_ENABLE_OBJC_ARC = YES;
				CLANG_ENABLE_OBJC_WEAK = YES;
				CLANG_WARN_BLOCK_CAPTURE_AUTORELEASING = YES;
				CLANG_WARN_BOOL_CONVERSION = YES;
				CLANG_WARN_COMMA = YES;
				CLANG_WARN_CONSTANT_CONVERSION = YES;
				CLANG_WARN_DEPRECATED_OBJC_IMPLEMENTATIONS = YES;
				CLANG_WARN_DIRECT_OBJC_ISA_USAGE = YES_ERROR;
				CLANG_WARN_DOCUMENTATION_COMMENTS = YES;
				CLANG_WARN_EMPTY_BODY = YES;
				CLANG_WARN_ENUM_CONVERSION = YES;
				CLANG_WARN_INFINITE_RECURSION = YES;
				CLANG_WARN_INT_CONVERSION = YES;
				CLANG_WARN_NON_LITERAL_NULL_CONVERSION = YES;
				CLANG_WARN_OBJC_IMPLICIT_RETAIN_SELF = YES;
				CLANG_WARN_OBJC_LITERAL_CONVERSION = YES;
				CLANG_WARN_OBJC_ROOT_CLASS = YES_ERROR;
				CLANG_WARN_RANGE_LOOP_ANALYSIS = YES;
				CLANG_WARN_STRICT_PROTOTYPES = YES;
				CLANG_WARN_SUSPICIOUS_MOVE = YES;
				CLANG_WARN_UNGUARDED_AVAILABILITY = YES_AGGRESSIVE;
				CLANG_WARN_UNREACHABLE_CODE = YES;
				CLANG_WARN__DUPLICATE_METHOD_MATCH = YES;
				CODE_SIGN_IDENTITY = "iPhone Developer";
				COPY_PHASE_STRIP = NO;
				DEBUG_INFORMATION_FORMAT = "dwarf-with-dsym";
				ENABLE_NS_ASSERTIONS = NO;
				ENABLE_STRICT_OBJC_MSGSEND = YES;
				GCC_C_LANGUAGE_STANDARD = gnu11;
				GCC_NO_COMMON_BLOCKS = YES;
				GCC_WARN_64_TO_32_BIT_CONVERSION = YES;
				GCC_WARN_ABOUT_RETURN_TYPE = YES_ERROR;
				GCC_WARN_UNDECLARED_SELECTOR = YES;
				GCC_WARN_UNINITIALIZED_AUTOS = YES_AGGRESSIVE;
				GCC_WARN_UNUSED_FUNCTION = YES;
				GCC_WARN_UNUSED_VARIABLE = YES;
				IPHONEOS_DEPLOYMENT_TARGET = 11.4;
				MTL_ENABLE_DEBUG_INFO = NO;
				SDKROOT = iphoneos;
				SWIFT_COMPILATION_MODE = wholemodule;
				SWIFT_OPTIMIZATION_LEVEL = "-O";
				VALIDATE_PRODUCT = YES;
			};
			name = Release;
		};
		23955D6A20CC446A00B424E5 /* Debug */ = {
			isa = XCBuildConfiguration;
			baseConfigurationReference = C2B408C2D17D1A32A6C936DA /* Pods-GreenHacksProject.debug.xcconfig */;
			buildSettings = {
				ASSETCATALOG_COMPILER_APPICON_NAME = AppIcon;
				CODE_SIGN_STYLE = Automatic;
				DEVELOPMENT_TEAM = PJA739TV7C;
				INFOPLIST_FILE = GreenHacksProject/Info.plist;
				LD_RUNPATH_SEARCH_PATHS = (
					"$(inherited)",
					"@executable_path/Frameworks",
				);
				PRODUCT_BUNDLE_IDENTIFIER = com.Jnothn.GreenHacksProject;
				PRODUCT_NAME = "$(TARGET_NAME)";
				SWIFT_VERSION = 4.0;
				TARGETED_DEVICE_FAMILY = 1;
			};
			name = Debug;
		};
		23955D6B20CC446A00B424E5 /* Release */ = {
			isa = XCBuildConfiguration;
			baseConfigurationReference = 643803B52DDE3A8B69391DC1 /* Pods-GreenHacksProject.release.xcconfig */;
			buildSettings = {
				ASSETCATALOG_COMPILER_APPICON_NAME = AppIcon;
				CODE_SIGN_STYLE = Automatic;
				DEVELOPMENT_TEAM = PJA739TV7C;
				INFOPLIST_FILE = GreenHacksProject/Info.plist;
				LD_RUNPATH_SEARCH_PATHS = (
					"$(inherited)",
					"@executable_path/Frameworks",
				);
				PRODUCT_BUNDLE_IDENTIFIER = com.Jnothn.GreenHacksProject;
				PRODUCT_NAME = "$(TARGET_NAME)";
				SWIFT_VERSION = 4.0;
				TARGETED_DEVICE_FAMILY = 1;
			};
			name = Release;
		};
/* End XCBuildConfiguration section */

/* Begin XCConfigurationList section */
		23955D4F20CC446800B424E5 /* Build configuration list for PBXProject "GreenHacksProject" */ = {
			isa = XCConfigurationList;
			buildConfigurations = (
				23955D6720CC446A00B424E5 /* Debug */,
				23955D6820CC446A00B424E5 /* Release */,
			);
			defaultConfigurationIsVisible = 0;
			defaultConfigurationName = Release;
		};
		23955D6920CC446A00B424E5 /* Build configuration list for PBXNativeTarget "GreenHacksProject" */ = {
			isa = XCConfigurationList;
			buildConfigurations = (
				23955D6A20CC446A00B424E5 /* Debug */,
				23955D6B20CC446A00B424E5 /* Release */,
			);
			defaultConfigurationIsVisible = 0;
			defaultConfigurationName = Release;
		};
/* End XCConfigurationList section */

/* Begin XCVersionGroup section */
		23955D5E20CC446800B424E5 /* GreenHacksProject.xcdatamodeld */ = {
			isa = XCVersionGroup;
			children = (
				23955D5F20CC446800B424E5 /* GreenHacksProject.xcdatamodel */,
			);
			currentVersion = 23955D5F20CC446800B424E5 /* GreenHacksProject.xcdatamodel */;
			path = GreenHacksProject.xcdatamodeld;
			sourceTree = "<group>";
			versionGroupType = wrapper.xcdatamodel;
		};
/* End XCVersionGroup section */
	};
	rootObject = 23955D4C20CC446800B424E5 /* Project object */;
}
